
Microsoft Visual Studio Solution File, Format Version 12.00
# Visual Studio Version 17
VisualStudioVersion = 17.5.33516.290
MinimumVisualStudioVersion = 10.0.40219.1
Project("{9A19103F-16F7-4668-BE54-9A1E7A4F7556}") = "Panda.RubikCube", "Panda.RubikCube\Panda.RubikCube.csproj", "{00D420C3-0D78-4E29-9059-E8791AAD67F7}"
EndProject
Project("{9A19103F-16F7-4668-BE54-9A1E7A4F7556}") = "Panda.RubikCube.ConsoleApp", "Panda.RubikCube.ConsoleApp\Panda.RubikCube.ConsoleApp.csproj", "{BA1A2400-3BF3-483C-815C-EE8CC67B3290}"
EndProject
Project("{9A19103F-16F7-4668-BE54-9A1E7A4F7556}") = "Panda.RubikCube.Tests", "Panda.RubikCube.Tests\Panda.RubikCube.Tests.csproj", "{13883D11-7AE5-48EE-9B13-9713BFB80BC9}"
EndProject
Global
	GlobalSection(SolutionConfigurationPlatforms) = preSolution
		Debug|Any CPU = Debug|Any CPU
		Release|Any CPU = Release|Any CPU
	EndGlobalSection
	GlobalSection(ProjectConfigurationPlatforms) = postSolution
		{00D420C3-0D78-4E29-9059-E8791AAD67F7}.Debug|Any CPU.ActiveCfg = Debug|Any CPU
		{00D420C3-0D78-4E29-9059-E8791AAD67F7}.Debug|Any CPU.Build.0 = Debug|Any CPU
		{00D420C3-0D78-4E29-9059-E8791AAD67F7}.Release|Any CPU.ActiveCfg = Release|Any CPU
		{00D420C3-0D78-4E29-9059-E8791AAD67F7}.Release|Any CPU.Build.0 = Release|Any CPU
		{BA1A2400-3BF3-483C-815C-EE8CC67B3290}.Debug|Any CPU.ActiveCfg = Debug|Any CPU
		{BA1A2400-3BF3-483C-815C-EE8CC67B3290}.Debug|Any CPU.Build.0 = Debug|Any CPU
		{BA1A2400-3BF3-483C-815C-EE8CC67B3290}.Release|Any CPU.ActiveCfg = Release|Any CPU
		{BA1A2400-3BF3-483C-815C-EE8CC67B3290}.Release|Any CPU.Build.0 = Release|Any CPU
		{13883D11-7AE5-48EE-9B13-9713BFB80BC9}.Debug|Any CPU.ActiveCfg = Debug|Any CPU
		{13883D11-7AE5-48EE-9B13-9713BFB80BC9}.Debug|Any CPU.Build.0 = Debug|Any CPU
		{13883D11-7AE5-48EE-9B13-9713BFB80BC9}.Release|Any CPU.ActiveCfg = Release|Any CPU
		{13883D11-7AE5-48EE-9B13-9713BFB80BC9}.Release|Any CPU.Build.0 = Release|Any CPU
	EndGlobalSection
	GlobalSection(SolutionProperties) = preSolution
		HideSolutionNode = FALSE
	EndGlobalSection
	GlobalSection(ExtensibilityGlobals) = postSolution
		SolutionGuid = {D5B2FB17-62C9-47BB-84DA-210EF7EC770D}
	EndGlobalSection
EndGlobal
